// !$*UTF8*$!
{
	archiveVersion = 1;
	classes = {
	};
	objectVersion = 56;
	objects = {

/* Begin PBXBuildFile section */
		F3B339662B79DD1B00745789 /* TidyDeskApp.swift in Sources */ = {isa = PBXBuildFile; fileRef = F3B339652B79DD1B00745789 /* TidyDeskApp.swift */; };
		F3B339682B79DD1B00745789 /* ContentView.swift in Sources */ = {isa = PBXBuildFile; fileRef = F3B339672B79DD1B00745789 /* ContentView.swift */; };
		F3B3396A2B79DD1C00745789 /* Assets.xcassets in Resources */ = {isa = PBXBuildFile; fileRef = F3B339692B79DD1C00745789 /* Assets.xcassets */; };
		F3B3396D2B79DD1C00745789 /* Preview Assets.xcassets in Resources */ = {isa = PBXBuildFile; fileRef = F3B3396C2B79DD1C00745789 /* Preview Assets.xcassets */; };
		F3B339772B79DE5500745789 /* Tab.swift in Sources */ = {isa = PBXBuildFile; fileRef = F3B339762B79DE5500745789 /* Tab.swift */; };
		F3B339792B79E23100745789 /* CustomTabView.swift in Sources */ = {isa = PBXBuildFile; fileRef = F3B339782B79E23100745789 /* CustomTabView.swift */; };
		F3E0822D2B7AA75C00C0D88A /* DragAndDropView.swift in Sources */ = {isa = PBXBuildFile; fileRef = F3E0822C2B7AA75C00C0D88A /* DragAndDropView.swift */; };
		F3E082302B7AB5C100C0D88A /* ZIPFoundation in Frameworks */ = {isa = PBXBuildFile; productRef = F3E0822F2B7AB5C100C0D88A /* ZIPFoundation */; };
		F3E082322B7AC0F500C0D88A /* FloatingDragAndDropView.swift in Sources */ = {isa = PBXBuildFile; fileRef = F3E082312B7AC0F500C0D88A /* FloatingDragAndDropView.swift */; };
		F3E082342B7AC11A00C0D88A /* MinimalMenuBarView.swift in Sources */ = {isa = PBXBuildFile; fileRef = F3E082332B7AC11A00C0D88A /* MinimalMenuBarView.swift */; };
		F3E082362B7AC3C100C0D88A /* CustomWindow.swift in Sources */ = {isa = PBXBuildFile; fileRef = F3E082352B7AC3C100C0D88A /* CustomWindow.swift */; };
		F3E082382B7AD01800C0D88A /* AnimationUtility.swift in Sources */ = {isa = PBXBuildFile; fileRef = F3E082372B7AD01800C0D88A /* AnimationUtility.swift */; };
		F3E0823D2B7AD53000C0D88A /* BlurView.swift in Sources */ = {isa = PBXBuildFile; fileRef = F3E0823C2B7AD53000C0D88A /* BlurView.swift */; };
/* End PBXBuildFile section */

/* Begin PBXFileReference section */
		F3B339622B79DD1B00745789 /* TidyDesk.app */ = {isa = PBXFileReference; explicitFileType = wrapper.application; includeInIndex = 0; path = TidyDesk.app; sourceTree = BUILT_PRODUCTS_DIR; };
		F3B339652B79DD1B00745789 /* TidyDeskApp.swift */ = {isa = PBXFileReference; lastKnownFileType = sourcecode.swift; path = TidyDeskApp.swift; sourceTree = "<group>"; };
		F3B339672B79DD1B00745789 /* ContentView.swift */ = {isa = PBXFileReference; lastKnownFileType = sourcecode.swift; path = ContentView.swift; sourceTree = "<group>"; };
		F3B339692B79DD1C00745789 /* Assets.xcassets */ = {isa = PBXFileReference; lastKnownFileType = folder.assetcatalog; path = Assets.xcassets; sourceTree = "<group>"; };
		F3B3396C2B79DD1C00745789 /* Preview Assets.xcassets */ = {isa = PBXFileReference; lastKnownFileType = folder.assetcatalog; path = "Preview Assets.xcassets"; sourceTree = "<group>"; };
		F3B3396E2B79DD1C00745789 /* TidyDesk.entitlements */ = {isa = PBXFileReference; lastKnownFileType = text.plist.entitlements; path = TidyDesk.entitlements; sourceTree = "<group>"; };
		F3B339762B79DE5500745789 /* Tab.swift */ = {isa = PBXFileReference; lastKnownFileType = sourcecode.swift; path = Tab.swift; sourceTree = "<group>"; };
		F3B339782B79E23100745789 /* CustomTabView.swift */ = {isa = PBXFileReference; lastKnownFileType = sourcecode.swift; path = CustomTabView.swift; sourceTree = "<group>"; };
		F3E0822C2B7AA75C00C0D88A /* DragAndDropView.swift */ = {isa = PBXFileReference; lastKnownFileType = sourcecode.swift; path = DragAndDropView.swift; sourceTree = "<group>"; };
		F3E082312B7AC0F500C0D88A /* FloatingDragAndDropView.swift */ = {isa = PBXFileReference; lastKnownFileType = sourcecode.swift; path = FloatingDragAndDropView.swift; sourceTree = "<group>"; };
		F3E082332B7AC11A00C0D88A /* MinimalMenuBarView.swift */ = {isa = PBXFileReference; lastKnownFileType = sourcecode.swift; path = MinimalMenuBarView.swift; sourceTree = "<group>"; };
		F3E082352B7AC3C100C0D88A /* CustomWindow.swift */ = {isa = PBXFileReference; lastKnownFileType = sourcecode.swift; path = CustomWindow.swift; sourceTree = "<group>"; };
		F3E082372B7AD01800C0D88A /* AnimationUtility.swift */ = {isa = PBXFileReference; lastKnownFileType = sourcecode.swift; path = AnimationUtility.swift; sourceTree = "<group>"; };
		F3E0823C2B7AD53000C0D88A /* BlurView.swift */ = {isa = PBXFileReference; lastKnownFileType = sourcecode.swift; path = BlurView.swift; sourceTree = "<group>"; };
/* End PBXFileReference section */

/* Begin PBXFrameworksBuildPhase section */
		F3B3395F2B79DD1B00745789 /* Frameworks */ = {
			isa = PBXFrameworksBuildPhase;
			buildActionMask = 2147483647;
			files = (
				F3E082302B7AB5C100C0D88A /* ZIPFoundation in Frameworks */,
			);
			runOnlyForDeploymentPostprocessing = 0;
		};
/* End PBXFrameworksBuildPhase section */

/* Begin PBXGroup section */
		F3B339592B79DD1B00745789 = {
			isa = PBXGroup;
			children = (
				F3B339642B79DD1B00745789 /* TidyDesk */,
				F3B339632B79DD1B00745789 /* Products */,
			);
			sourceTree = "<group>";
		};
		F3B339632B79DD1B00745789 /* Products */ = {
			isa = PBXGroup;
			children = (
				F3B339622B79DD1B00745789 /* TidyDesk.app */,
			);
			name = Products;
			sourceTree = "<group>";
		};
		F3B339642B79DD1B00745789 /* TidyDesk */ = {
			isa = PBXGroup;
			children = (
				F3E082392B7AD3A200C0D88A /* Utilities */,
				F3B339752B79DE4400745789 /* View */,
				F3B339742B79DE3D00745789 /* Model */,
				F3B339652B79DD1B00745789 /* TidyDeskApp.swift */,
				F3B339672B79DD1B00745789 /* ContentView.swift */,
				F3B339692B79DD1C00745789 /* Assets.xcassets */,
				F3B3396E2B79DD1C00745789 /* TidyDesk.entitlements */,
				F3B3396B2B79DD1C00745789 /* Preview Content */,
			);
			path = TidyDesk;
			sourceTree = "<group>";
		};
		F3B3396B2B79DD1C00745789 /* Preview Content */ = {
			isa = PBXGroup;
			children = (
				F3B3396C2B79DD1C00745789 /* Preview Assets.xcassets */,
			);
			path = "Preview Content";
			sourceTree = "<group>";
		};
		F3B339742B79DE3D00745789 /* Model */ = {
			isa = PBXGroup;
			children = (
				F3B339762B79DE5500745789 /* Tab.swift */,
			);
			path = Model;
			sourceTree = "<group>";
		};
		F3B339752B79DE4400745789 /* View */ = {
			isa = PBXGroup;
			children = (
				F3B339782B79E23100745789 /* CustomTabView.swift */,
				F3E082332B7AC11A00C0D88A /* MinimalMenuBarView.swift */,
				F3E0822C2B7AA75C00C0D88A /* DragAndDropView.swift */,
				F3E082312B7AC0F500C0D88A /* FloatingDragAndDropView.swift */,
				F3E082352B7AC3C100C0D88A /* CustomWindow.swift */,
			);
			path = View;
			sourceTree = "<group>";
		};
		F3E082392B7AD3A200C0D88A /* Utilities */ = {
			isa = PBXGroup;
			children = (
				F3E082372B7AD01800C0D88A /* AnimationUtility.swift */,
				F3E0823C2B7AD53000C0D88A /* BlurView.swift */,
			);
			path = Utilities;
			sourceTree = "<group>";
		};
/* End PBXGroup section */

/* Begin PBXNativeTarget section */
		F3B339612B79DD1B00745789 /* TidyDesk */ = {
			isa = PBXNativeTarget;
			buildConfigurationList = F3B339712B79DD1C00745789 /* Build configuration list for PBXNativeTarget "TidyDesk" */;
			buildPhases = (
				F3B3395E2B79DD1B00745789 /* Sources */,
				F3B3395F2B79DD1B00745789 /* Frameworks */,
				F3B339602B79DD1B00745789 /* Resources */,
			);
			buildRules = (
			);
			dependencies = (
			);
			name = TidyDesk;
			packageProductDependencies = (
				F3E0822F2B7AB5C100C0D88A /* ZIPFoundation */,
			);
			productName = TidyDesk;
			productReference = F3B339622B79DD1B00745789 /* TidyDesk.app */;
			productType = "com.apple.product-type.application";
		};
/* End PBXNativeTarget section */

/* Begin PBXProject section */
		F3B3395A2B79DD1B00745789 /* Project object */ = {
			isa = PBXProject;
			attributes = {
				BuildIndependentTargetsInParallel = 1;
				LastSwiftUpdateCheck = 1500;
				LastUpgradeCheck = 1500;
				TargetAttributes = {
					F3B339612B79DD1B00745789 = {
						CreatedOnToolsVersion = 15.0;
					};
				};
			};
			buildConfigurationList = F3B3395D2B79DD1B00745789 /* Build configuration list for PBXProject "TidyDesk" */;
			compatibilityVersion = "Xcode 14.0";
			developmentRegion = en;
			hasScannedForEncodings = 0;
			knownRegions = (
				en,
				Base,
			);
			mainGroup = F3B339592B79DD1B00745789;
			packageReferences = (
				F3E0822E2B7AB5C100C0D88A /* XCRemoteSwiftPackageReference "ZIPFoundation" */,
			);
			productRefGroup = F3B339632B79DD1B00745789 /* Products */;
			projectDirPath = "";
			projectRoot = "";
			targets = (
				F3B339612B79DD1B00745789 /* TidyDesk */,
			);
		};
/* End PBXProject section */

/* Begin PBXResourcesBuildPhase section */
		F3B339602B79DD1B00745789 /* Resources */ = {
			isa = PBXResourcesBuildPhase;
			buildActionMask = 2147483647;
			files = (
				F3B3396D2B79DD1C00745789 /* Preview Assets.xcassets in Resources */,
				F3B3396A2B79DD1C00745789 /* Assets.xcassets in Resources */,
			);
			runOnlyForDeploymentPostprocessing = 0;
		};
/* End PBXResourcesBuildPhase section */

/* Begin PBXSourcesBuildPhase section */
		F3B3395E2B79DD1B00745789 /* Sources */ = {
			isa = PBXSourcesBuildPhase;
			buildActionMask = 2147483647;
			files = (
				F3E082362B7AC3C100C0D88A /* CustomWindow.swift in Sources */,
				F3E0822D2B7AA75C00C0D88A /* DragAndDropView.swift in Sources */,
				F3E082382B7AD01800C0D88A /* AnimationUtility.swift in Sources */,
				F3B339772B79DE5500745789 /* Tab.swift in Sources */,
				F3B339682B79DD1B00745789 /* ContentView.swift in Sources */,
				F3B339662B79DD1B00745789 /* TidyDeskApp.swift in Sources */,
				F3B339792B79E23100745789 /* CustomTabView.swift in Sources */,
				F3E0823D2B7AD53000C0D88A /* BlurView.swift in Sources */,
				F3E082342B7AC11A00C0D88A /* MinimalMenuBarView.swift in Sources */,
				F3E082322B7AC0F500C0D88A /* FloatingDragAndDropView.swift in Sources */,
			);
			runOnlyForDeploymentPostprocessing = 0;
		};
/* End PBXSourcesBuildPhase section */

/* Begin XCBuildConfiguration section */
		F3B3396F2B79DD1C00745789 /* Debug */ = {
			isa = XCBuildConfiguration;
			buildSettings = {
				ALWAYS_SEARCH_USER_PATHS = NO;
				ASSETCATALOG_COMPILER_GENERATE_SWIFT_ASSET_SYMBOL_EXTENSIONS = YES;
				CLANG_ANALYZER_NONNULL = YES;
				CLANG_ANALYZER_NUMBER_OBJECT_CONVERSION = YES_AGGRESSIVE;
				CLANG_CXX_LANGUAGE_STANDARD = "gnu++20";
				CLANG_ENABLE_MODULES = YES;
				CLANG_ENABLE_OBJC_ARC = YES;
				CLANG_ENABLE_OBJC_WEAK = YES;
				CLANG_WARN_BLOCK_CAPTURE_AUTORELEASING = YES;
				CLANG_WARN_BOOL_CONVERSION = YES;
				CLANG_WARN_COMMA = YES;
				CLANG_WARN_CONSTANT_CONVERSION = YES;
				CLANG_WARN_DEPRECATED_OBJC_IMPLEMENTATIONS = YES;
				CLANG_WARN_DIRECT_OBJC_ISA_USAGE = YES_ERROR;
				CLANG_WARN_DOCUMENTATION_COMMENTS = YES;
				CLANG_WARN_EMPTY_BODY = YES;
				CLANG_WARN_ENUM_CONVERSION = YES;
				CLANG_WARN_INFINITE_RECURSION = YES;
				CLANG_WARN_INT_CONVERSION = YES;
				CLANG_WARN_NON_LITERAL_NULL_CONVERSION = YES;
				CLANG_WARN_OBJC_IMPLICIT_RETAIN_SELF = YES;
				CLANG_WARN_OBJC_LITERAL_CONVERSION = YES;
				CLANG_WARN_OBJC_ROOT_CLASS = YES_ERROR;
				CLANG_WARN_QUOTED_INCLUDE_IN_FRAMEWORK_HEADER = YES;
				CLANG_WARN_RANGE_LOOP_ANALYSIS = YES;
				CLANG_WARN_STRICT_PROTOTYPES = YES;
				CLANG_WARN_SUSPICIOUS_MOVE = YES;
				CLANG_WARN_UNGUARDED_AVAILABILITY = YES_AGGRESSIVE;
				CLANG_WARN_UNREACHABLE_CODE = YES;
				CLANG_WARN__DUPLICATE_METHOD_MATCH = YES;
				COPY_PHASE_STRIP = NO;
				DEBUG_INFORMATION_FORMAT = dwarf;
				ENABLE_STRICT_OBJC_MSGSEND = YES;
				ENABLE_TESTABILITY = YES;
				ENABLE_USER_SCRIPT_SANDBOXING = YES;
				GCC_C_LANGUAGE_STANDARD = gnu17;
				GCC_DYNAMIC_NO_PIC = NO;
				GCC_NO_COMMON_BLOCKS = YES;
				GCC_OPTIMIZATION_LEVEL = 0;
				GCC_PREPROCESSOR_DEFINITIONS = (
					"DEBUG=1",
					"$(inherited)",
				);
				GCC_WARN_64_TO_32_BIT_CONVERSION = YES;
				GCC_WARN_ABOUT_RETURN_TYPE = YES_ERROR;
				GCC_WARN_UNDECLARED_SELECTOR = YES;
				GCC_WARN_UNINITIALIZED_AUTOS = YES_AGGRESSIVE;
				GCC_WARN_UNUSED_FUNCTION = YES;
				GCC_WARN_UNUSED_VARIABLE = YES;
				LOCALIZATION_PREFERS_STRING_CATALOGS = YES;
				MACOSX_DEPLOYMENT_TARGET = 14.0;
				MTL_ENABLE_DEBUG_INFO = INCLUDE_SOURCE;
				MTL_FAST_MATH = YES;
				ONLY_ACTIVE_ARCH = YES;
				SDKROOT = macosx;
				SWIFT_ACTIVE_COMPILATION_CONDITIONS = "DEBUG $(inherited)";
				SWIFT_OPTIMIZATION_LEVEL = "-Onone";
			};
			name = Debug;
		};
		F3B339702B79DD1C00745789 /* Release */ = {
			isa = XCBuildConfiguration;
			buildSettings = {
				ALWAYS_SEARCH_USER_PATHS = NO;
				ASSETCATALOG_COMPILER_GENERATE_SWIFT_ASSET_SYMBOL_EXTENSIONS = YES;
				CLANG_ANALYZER_NONNULL = YES;
				CLANG_ANALYZER_NUMBER_OBJECT_CONVERSION = YES_AGGRESSIVE;
				CLANG_CXX_LANGUAGE_STANDARD = "gnu++20";
				CLANG_ENABLE_MODULES = YES;
				CLANG_ENABLE_OBJC_ARC = YES;
				CLANG_ENABLE_OBJC_WEAK = YES;
				CLANG_WARN_BLOCK_CAPTURE_AUTORELEASING = YES;
				CLANG_WARN_BOOL_CONVERSION = YES;
				CLANG_WARN_COMMA = YES;
				CLANG_WARN_CONSTANT_CONVERSION = YES;
				CLANG_WARN_DEPRECATED_OBJC_IMPLEMENTATIONS = YES;
				CLANG_WARN_DIRECT_OBJC_ISA_USAGE = YES_ERROR;
				CLANG_WARN_DOCUMENTATION_COMMENTS = YES;
				CLANG_WARN_EMPTY_BODY = YES;
				CLANG_WARN_ENUM_CONVERSION = YES;
				CLANG_WARN_INFINITE_RECURSION = YES;
				CLANG_WARN_INT_CONVERSION = YES;
				CLANG_WARN_NON_LITERAL_NULL_CONVERSION = YES;
				CLANG_WARN_OBJC_IMPLICIT_RETAIN_SELF = YES;
				CLANG_WARN_OBJC_LITERAL_CONVERSION = YES;
				CLANG_WARN_OBJC_ROOT_CLASS = YES_ERROR;
				CLANG_WARN_QUOTED_INCLUDE_IN_FRAMEWORK_HEADER = YES;
				CLANG_WARN_RANGE_LOOP_ANALYSIS = YES;
				CLANG_WARN_STRICT_PROTOTYPES = YES;
				CLANG_WARN_SUSPICIOUS_MOVE = YES;
				CLANG_WARN_UNGUARDED_AVAILABILITY = YES_AGGRESSIVE;
				CLANG_WARN_UNREACHABLE_CODE = YES;
				CLANG_WARN__DUPLICATE_METHOD_MATCH = YES;
				COPY_PHASE_STRIP = NO;
				DEBUG_INFORMATION_FORMAT = "dwarf-with-dsym";
				ENABLE_NS_ASSERTIONS = NO;
				ENABLE_STRICT_OBJC_MSGSEND = YES;
				ENABLE_USER_SCRIPT_SANDBOXING = YES;
				GCC_C_LANGUAGE_STANDARD = gnu17;
				GCC_NO_COMMON_BLOCKS = YES;
				GCC_WARN_64_TO_32_BIT_CONVERSION = YES;
				GCC_WARN_ABOUT_RETURN_TYPE = YES_ERROR;
				GCC_WARN_UNDECLARED_SELECTOR = YES;
				GCC_WARN_UNINITIALIZED_AUTOS = YES_AGGRESSIVE;
				GCC_WARN_UNUSED_FUNCTION = YES;
				GCC_WARN_UNUSED_VARIABLE = YES;
				LOCALIZATION_PREFERS_STRING_CATALOGS = YES;
				MACOSX_DEPLOYMENT_TARGET = 14.0;
				MTL_ENABLE_DEBUG_INFO = NO;
				MTL_FAST_MATH = YES;
				SDKROOT = macosx;
				SWIFT_COMPILATION_MODE = wholemodule;
			};
			name = Release;
		};
		F3B339722B79DD1C00745789 /* Debug */ = {
			isa = XCBuildConfiguration;
			buildSettings = {
				ASSETCATALOG_COMPILER_APPICON_NAME = AppIcon;
				ASSETCATALOG_COMPILER_GLOBAL_ACCENT_COLOR_NAME = AccentColor;
				CODE_SIGN_ENTITLEMENTS = TidyDesk/TidyDesk.entitlements;
				CODE_SIGN_STYLE = Automatic;
				COMBINE_HIDPI_IMAGES = YES;
				CURRENT_PROJECT_VERSION = 1;
				DEVELOPMENT_ASSET_PATHS = "\"TidyDesk/Preview Content\"";
				DEVELOPMENT_TEAM = GZ2BM4VMQU;
				ENABLE_HARDENED_RUNTIME = YES;
				ENABLE_PREVIEWS = YES;
				GENERATE_INFOPLIST_FILE = YES;
				INFOPLIST_KEY_NSHumanReadableCopyright = "";
				LD_RUNPATH_SEARCH_PATHS = (
					"$(inherited)",
					"@executable_path/../Frameworks",
				);
				MARKETING_VERSION = 1.0;
				PRODUCT_BUNDLE_IDENTIFIER = co.lassidesign.TidyDesk;
				PRODUCT_NAME = "$(TARGET_NAME)";
				SWIFT_EMIT_LOC_STRINGS = YES;
				SWIFT_VERSION = 5.0;
			};
			name = Debug;
		};
		F3B339732B79DD1C00745789 /* Release */ = {
			isa = XCBuildConfiguration;
			buildSettings = {
				ASSETCATALOG_COMPILER_APPICON_NAME = AppIcon;
				ASSETCATALOG_COMPILER_GLOBAL_ACCENT_COLOR_NAME = AccentColor;
				CODE_SIGN_ENTITLEMENTS = TidyDesk/TidyDesk.entitlements;
				CODE_SIGN_STYLE = Automatic;
				COMBINE_HIDPI_IMAGES = YES;
				CURRENT_PROJECT_VERSION = 1;
				DEVELOPMENT_ASSET_PATHS = "\"TidyDesk/Preview Content\"";
				DEVELOPMENT_TEAM = GZ2BM4VMQU;
				ENABLE_HARDENED_RUNTIME = YES;
				ENABLE_PREVIEWS = YES;
				GENERATE_INFOPLIST_FILE = YES;
				INFOPLIST_KEY_NSHumanReadableCopyright = "";
				LD_RUNPATH_SEARCH_PATHS = (
					"$(inherited)",
					"@executable_path/../Frameworks",
				);
				MARKETING_VERSION = 1.0;
				PRODUCT_BUNDLE_IDENTIFIER = co.lassidesign.TidyDesk;
				PRODUCT_NAME = "$(TARGET_NAME)";
				SWIFT_EMIT_LOC_STRINGS = YES;
				SWIFT_VERSION = 5.0;
			};
			name = Release;
		};
/* End XCBuildConfiguration section */

/* Begin XCConfigurationList section */
		F3B3395D2B79DD1B00745789 /* Build configuration list for PBXProject "TidyDesk" */ = {
			isa = XCConfigurationList;
			buildConfigurations = (
				F3B3396F2B79DD1C00745789 /* Debug */,
				F3B339702B79DD1C00745789 /* Release */,
			);
			defaultConfigurationIsVisible = 0;
			defaultConfigurationName = Release;
		};
		F3B339712B79DD1C00745789 /* Build configuration list for PBXNativeTarget "TidyDesk" */ = {
			isa = XCConfigurationList;
			buildConfigurations = (
				F3B339722B79DD1C00745789 /* Debug */,
				F3B339732B79DD1C00745789 /* Release */,
			);
			defaultConfigurationIsVisible = 0;
			defaultConfigurationName = Release;
		};
/* End XCConfigurationList section */

/* Begin XCRemoteSwiftPackageReference section */
		F3E0822E2B7AB5C100C0D88A /* XCRemoteSwiftPackageReference "ZIPFoundation" */ = {
			isa = XCRemoteSwiftPackageReference;
			repositoryURL = "https://github.com/weichsel/ZIPFoundation.git";
			requirement = {
				kind = upToNextMajorVersion;
				minimumVersion = 0.9.18;
			};
		};
/* End XCRemoteSwiftPackageReference section */

/* Begin XCSwiftPackageProductDependency section */
		F3E0822F2B7AB5C100C0D88A /* ZIPFoundation */ = {
			isa = XCSwiftPackageProductDependency;
			package = F3E0822E2B7AB5C100C0D88A /* XCRemoteSwiftPackageReference "ZIPFoundation" */;
			productName = ZIPFoundation;
		};
/* End XCSwiftPackageProductDependency section */
	};
	rootObject = F3B3395A2B79DD1B00745789 /* Project object */;
}
